
Microsoft Visual Studio Solution File, Format Version 12.00
# Visual Studio 15
VisualStudioVersion = 15.0.27428.2027
MinimumVisualStudioVersion = 10.0.40219.1
Project("{FAE04EC0-301F-11D3-BF4B-00C04F79EFBC}") = "minerstat", "minerstat\minerstat.csproj", "{B8B879F7-D156-47F4-87D7-2DD610D8F279}"
EndProject
Global
	GlobalSection(SolutionConfigurationPlatforms) = preSolution
		Debug|Any CPU = Debug|Any CPU
		Release|Any CPU = Release|Any CPU
	EndGlobalSection
	GlobalSection(ProjectConfigurationPlatforms) = postSolution
		{B8B879F7-D156-47F4-87D7-2DD610D8F279}.Debug|Any CPU.ActiveCfg = Debug|Any CPU
		{B8B879F7-D156-47F4-87D7-2DD610D8F279}.Debug|Any CPU.Build.0 = Debug|Any CPU
		{B8B879F7-D156-47F4-87D7-2DD610D8F279}.Release|Any CPU.ActiveCfg = Release|Any CPU
		{B8B879F7-D156-47F4-87D7-2DD610D8F279}.Release|Any CPU.Build.0 = Release|Any CPU
	EndGlobalSection
	GlobalSection(SolutionProperties) = preSolution
		HideSolutionNode = FALSE
	EndGlobalSection
	GlobalSection(ExtensibilityGlobals) = postSolution
		SolutionGuid = {2D7E9F92-4260-4471-B5F0-0BA8AA579B68}
	EndGlobalSection
EndGlobal
